
Microsoft Visual Studio Solution File, Format Version 11.00
# Visual Studio 2010
Project("{FAE04EC0-301F-11D3-BF4B-00C04F79EFBC}") = "Assembly-CSharp", "Assembly-CSharp.csproj", "{296A0C0B-DB99-C1AE-F187-C273FDF7BD0A}"
EndProject
Project("{FAE04EC0-301F-11D3-BF4B-00C04F79EFBC}") = "Assembly-CSharp-Editor-firstpass", "Assembly-CSharp-Editor-firstpass.csproj", "{887FE3C6-7157-1B0E-D1D2-6EA9D6B16613}"
EndProject
Global
	GlobalSection(SolutionConfigurationPlatforms) = preSolution
		Debug|Any CPU = Debug|Any CPU
		Release|Any CPU = Release|Any CPU
	EndGlobalSection
	GlobalSection(ProjectConfigurationPlatforms) = postSolution
		{296A0C0B-DB99-C1AE-F187-C273FDF7BD0A}.Debug|Any CPU.ActiveCfg = Debug|Any CPU
		{296A0C0B-DB99-C1AE-F187-C273FDF7BD0A}.Debug|Any CPU.Build.0 = Debug|Any CPU
		{296A0C0B-DB99-C1AE-F187-C273FDF7BD0A}.Release|Any CPU.ActiveCfg = Release|Any CPU
		{296A0C0B-DB99-C1AE-F187-C273FDF7BD0A}.Release|Any CPU.Build.0 = Release|Any CPU
		{887FE3C6-7157-1B0E-D1D2-6EA9D6B16613}.Debug|Any CPU.ActiveCfg = Debug|Any CPU
		{887FE3C6-7157-1B0E-D1D2-6EA9D6B16613}.Debug|Any CPU.Build.0 = Debug|Any CPU
		{887FE3C6-7157-1B0E-D1D2-6EA9D6B16613}.Release|Any CPU.ActiveCfg = Release|Any CPU
		{887FE3C6-7157-1B0E-D1D2-6EA9D6B16613}.Release|Any CPU.Build.0 = Release|Any CPU
	EndGlobalSection
	GlobalSection(SolutionProperties) = preSolution
		HideSolutionNode = FALSE
	EndGlobalSection
EndGlobal
